
Microsoft Visual Studio Solution File, Format Version 12.00
# Visual Studio Version 17
VisualStudioVersion = 17.0.31903.59
MinimumVisualStudioVersion = 10.0.40219.1
Project("{2150E333-8FDC-42A3-9474-1A3956D46DE8}") = "DTCBillingSystem", "DTCBillingSystem", "{14A00B4F-B599-47BE-B849-5860567C50FA}"
EndProject
Project("{FAE04EC0-301F-11D3-BF4B-00C04F79EFBC}") = "DTCBillingSystem.Core", "DTCBillingSystem\DTCBillingSystem.Core\DTCBillingSystem.Core.csproj", "{E4F6FC95-709C-4118-8F22-D2D87351E20F}"
EndProject
Project("{FAE04EC0-301F-11D3-BF4B-00C04F79EFBC}") = "DTCBillingSystem.Infrastructure", "DTCBillingSystem\DTCBillingSystem.Infrastructure\DTCBillingSystem.Infrastructure.csproj", "{1E0E5A40-8420-478A-BC94-39B1157C57FA}"
EndProject
Project("{FAE04EC0-301F-11D3-BF4B-00C04F79EFBC}") = "DTCBillingSystem.UI", "DTCBillingSystem\DTCBillingSystem.UI\DTCBillingSystem.UI.csproj", "{C298D50C-0CD6-484E-849D-D65EF9648BBD}"
EndProject
Global
	GlobalSection(SolutionConfigurationPlatforms) = preSolution
		Debug|Any CPU = Debug|Any CPU
		Release|Any CPU = Release|Any CPU
	EndGlobalSection
	GlobalSection(SolutionProperties) = preSolution
		HideSolutionNode = FALSE
	EndGlobalSection
	GlobalSection(ProjectConfigurationPlatforms) = postSolution
		{E4F6FC95-709C-4118-8F22-D2D87351E20F}.Debug|Any CPU.ActiveCfg = Debug|Any CPU
		{E4F6FC95-709C-4118-8F22-D2D87351E20F}.Debug|Any CPU.Build.0 = Debug|Any CPU
		{E4F6FC95-709C-4118-8F22-D2D87351E20F}.Release|Any CPU.ActiveCfg = Release|Any CPU
		{E4F6FC95-709C-4118-8F22-D2D87351E20F}.Release|Any CPU.Build.0 = Release|Any CPU
		{1E0E5A40-8420-478A-BC94-39B1157C57FA}.Debug|Any CPU.ActiveCfg = Debug|Any CPU
		{1E0E5A40-8420-478A-BC94-39B1157C57FA}.Debug|Any CPU.Build.0 = Debug|Any CPU
		{1E0E5A40-8420-478A-BC94-39B1157C57FA}.Release|Any CPU.ActiveCfg = Release|Any CPU
		{1E0E5A40-8420-478A-BC94-39B1157C57FA}.Release|Any CPU.Build.0 = Release|Any CPU
		{C298D50C-0CD6-484E-849D-D65EF9648BBD}.Debug|Any CPU.ActiveCfg = Debug|Any CPU
		{C298D50C-0CD6-484E-849D-D65EF9648BBD}.Debug|Any CPU.Build.0 = Debug|Any CPU
		{C298D50C-0CD6-484E-849D-D65EF9648BBD}.Release|Any CPU.ActiveCfg = Release|Any CPU
		{C298D50C-0CD6-484E-849D-D65EF9648BBD}.Release|Any CPU.Build.0 = Release|Any CPU
	EndGlobalSection
	GlobalSection(NestedProjects) = preSolution
		{E4F6FC95-709C-4118-8F22-D2D87351E20F} = {14A00B4F-B599-47BE-B849-5860567C50FA}
		{1E0E5A40-8420-478A-BC94-39B1157C57FA} = {14A00B4F-B599-47BE-B849-5860567C50FA}
		{C298D50C-0CD6-484E-849D-D65EF9648BBD} = {14A00B4F-B599-47BE-B849-5860567C50FA}
	EndGlobalSection
EndGlobal
