
Microsoft Visual Studio Solution File, Format Version 12.00
# Visual Studio Version 17
VisualStudioVersion = 17.0.31903.59
MinimumVisualStudioVersion = 10.0.40219.1
Project("{2150E333-8FDC-42A3-9474-1A3956D46DE8}") = "DTCBillingSystem", "DTCBillingSystem", "{9F9FFB62-A19F-47CE-8C52-699574CA7A94}"
EndProject
Project("{FAE04EC0-301F-11D3-BF4B-00C04F79EFBC}") = "DTCBillingSystem.Core", "DTCBillingSystem\DTCBillingSystem.Core\DTCBillingSystem.Core.csproj", "{DAC78444-2939-487F-913C-A694D4C6DED5}"
EndProject
Project("{FAE04EC0-301F-11D3-BF4B-00C04F79EFBC}") = "DTCBillingSystem.Infrastructure", "DTCBillingSystem\DTCBillingSystem.Infrastructure\DTCBillingSystem.Infrastructure.csproj", "{E7C7C422-EAE0-4059-AAE3-E17E38E6A678}"
EndProject
Project("{FAE04EC0-301F-11D3-BF4B-00C04F79EFBC}") = "DTCBillingSystem.UI", "DTCBillingSystem\DTCBillingSystem.UI\DTCBillingSystem.UI.csproj", "{D491D82D-42F0-4754-9E91-FC73AA416CC4}"
EndProject
Global
	GlobalSection(SolutionConfigurationPlatforms) = preSolution
		Debug|Any CPU = Debug|Any CPU
		Release|Any CPU = Release|Any CPU
	EndGlobalSection
	GlobalSection(SolutionProperties) = preSolution
		HideSolutionNode = FALSE
	EndGlobalSection
	GlobalSection(ProjectConfigurationPlatforms) = postSolution
		{DAC78444-2939-487F-913C-A694D4C6DED5}.Debug|Any CPU.ActiveCfg = Debug|Any CPU
		{DAC78444-2939-487F-913C-A694D4C6DED5}.Debug|Any CPU.Build.0 = Debug|Any CPU
		{DAC78444-2939-487F-913C-A694D4C6DED5}.Release|Any CPU.ActiveCfg = Release|Any CPU
		{DAC78444-2939-487F-913C-A694D4C6DED5}.Release|Any CPU.Build.0 = Release|Any CPU
		{E7C7C422-EAE0-4059-AAE3-E17E38E6A678}.Debug|Any CPU.ActiveCfg = Debug|Any CPU
		{E7C7C422-EAE0-4059-AAE3-E17E38E6A678}.Debug|Any CPU.Build.0 = Debug|Any CPU
		{E7C7C422-EAE0-4059-AAE3-E17E38E6A678}.Release|Any CPU.ActiveCfg = Release|Any CPU
		{E7C7C422-EAE0-4059-AAE3-E17E38E6A678}.Release|Any CPU.Build.0 = Release|Any CPU
		{D491D82D-42F0-4754-9E91-FC73AA416CC4}.Debug|Any CPU.ActiveCfg = Debug|Any CPU
		{D491D82D-42F0-4754-9E91-FC73AA416CC4}.Debug|Any CPU.Build.0 = Debug|Any CPU
		{D491D82D-42F0-4754-9E91-FC73AA416CC4}.Release|Any CPU.ActiveCfg = Release|Any CPU
		{D491D82D-42F0-4754-9E91-FC73AA416CC4}.Release|Any CPU.Build.0 = Release|Any CPU
	EndGlobalSection
	GlobalSection(NestedProjects) = preSolution
		{DAC78444-2939-487F-913C-A694D4C6DED5} = {9F9FFB62-A19F-47CE-8C52-699574CA7A94}
		{E7C7C422-EAE0-4059-AAE3-E17E38E6A678} = {9F9FFB62-A19F-47CE-8C52-699574CA7A94}
		{D491D82D-42F0-4754-9E91-FC73AA416CC4} = {9F9FFB62-A19F-47CE-8C52-699574CA7A94}
	EndGlobalSection
EndGlobal
